{
  "name": "template",
  "lockfileVersion": 3,
  "requires": true,
  "packages": {
    "": {
      "name": "template",
      "devDependencies": {
        "rumdl": "^0.2.41"
      }
    },
    "node_modules/@rumdl/cli-darwin-arm64": {
      "version": "0.2.41",
      "resolved": "https://registry.npmjs.org/@rumdl/cli-darwin-arm64/-/cli-darwin-arm64-0.2.41.tgz",
      "integrity": "sha512-zoEFXFmw+DpjwggNC5phw/13I2fEvNfx54VnSQYlsHgfNaavZvWjNUNX+8fDulC6XqHFjExWVAt9FyR7JDXcpQ==",
      "cpu": [
        "arm64"
      ],
      "dev": true,
      "license": "MIT",
      "optional": true,
      "os": [
        "darwin"
      ],
      "engines": {
        "node": ">=18.0.0"
      }
    },
    "node_modules/@rumdl/cli-darwin-x64": {
      "version": "0.2.41",
      "resolved": "https://registry.npmjs.org/@rumdl/cli-darwin-x64/-/cli-darwin-x64-0.2.41.tgz",
      "integrity": "sha512-QtEvqjT5ZWyMqD4/QoQ+eAvsTV+auRYhiYj276W3DJX+OVec+W0w2DJ/wAcddGXAzfN+F+yLhOfNLUe7wrrouQ==",
      "cpu": [
        "x64"
      ],
      "dev": true,
      "license": "MIT",
      "optional": true,
      "os": [
        "darwin"
      ],
      "engines": {
        "node": ">=18.0.0"
      }
    },
    "node_modules/@rumdl/cli-linux-arm64": {
      "version": "0.2.41",
      "resolved": "https://registry.npmjs.org/@rumdl/cli-linux-arm64/-/cli-linux-arm64-0.2.41.tgz",
      "integrity": "sha512-bauzOp6csdof3IV1sADEtcevzXb5HjfiaD82bVspoxKRDm/3xaMeK3PSvT26blDr2fmjVOZZmMJ/CI9FnRmMZA==",
      "cpu": [
        "arm64"
      ],
      "dev": true,
      "libc": [
        "glibc"
      ],
      "license": "MIT",
      "optional": true,
      "os": [
        "linux"
      ],
      "engines": {
        "node": ">=18.0.0"
      }
    },
    "node_modules/@rumdl/cli-linux-arm64-musl": {
      "version": "0.2.41",
      "resolved": "https://registry.npmjs.org/@rumdl/cli-linux-arm64-musl/-/cli-linux-arm64-musl-0.2.41.tgz",
      "integrity": "sha512-5C5ib/h/OKAp77Y1VasywJrY7niffu3ffPFDc8bOXOzHu04rYZGEoMllMt+DMI1WXOr8pQsAtTiPQLkHH4Y9cA==",
      "cpu": [
        "arm64"
      ],
      "dev": true,
      "libc": [
        "musl"
      ],
      "license": "MIT",
      "optional": true,
      "os": [
        "linux"
      ],
      "engines": {
        "node": ">=18.0.0"
      }
    },
    "node_modules/@rumdl/cli-linux-x64": {
      "version": "0.2.41",
      "resolved": "https://registry.npmjs.org/@rumdl/cli-linux-x64/-/cli-linux-x64-0.2.41.tgz",
      "integrity": "sha512-8+XqHguii4IGAYyRvWJHEtMeiVYdWSVMJAwUrHg8qtKWOgUjNYLCyRJuaaDns4R4kxbQmVBDMK/Vf4XJFY4DtQ==",
      "cpu": [
        "x64"
      ],
      "dev": true,
      "libc": [
        "glibc"
      ],
      "license": "MIT",
      "optional": true,
      "os": [
        "linux"
      ],
      "engines": {
        "node": ">=18.0.0"
      }
    },
    "node_modules/@rumdl/cli-linux-x64-musl": {
      "version": "0.2.41",
      "resolved": "https://registry.npmjs.org/@rumdl/cli-linux-x64-musl/-/cli-linux-x64-musl-0.2.41.tgz",
      "integrity": "sha512-jN6xSDpA67EZxGeSGX15JhKAC+8Px/A4I5bUO4+5F7/gi1iLZu1PiyuIYXoYRw9UTEk5cX0JsyhkfLyVwJLYfg==",
      "cpu": [
        "x64"
      ],
      "dev": true,
      "libc": [
        "musl"
      ],
      "license": "MIT",
      "optional": true,
      "os": [
        "linux"
      ],
      "engines": {
        "node": ">=18.0.0"
      }
    },
    "node_modules/@rumdl/cli-win32-x64": {
      "version": "0.2.41",
      "resolved": "https://registry.npmjs.org/@rumdl/cli-win32-x64/-/cli-win32-x64-0.2.41.tgz",
      "integrity": "sha512-M6vHL/cluujkkskSoEtZq/1r9TketesykKd4zoApK2X6cmiuQHtwwRwlgZd8JovY5Dw+oiRiZL2L4/A+ZR5Rlw==",
      "cpu": [
        "x64"
      ],
      "dev": true,
      "license": "MIT",
      "optional": true,
      "os": [
        "win32"
      ],
      "engines": {
        "node": ">=18.0.0"
      }
    },
    "node_modules/rumdl": {
      "version": "0.2.41",
      "resolved": "https://registry.npmjs.org/rumdl/-/rumdl-0.2.41.tgz",
      "integrity": "sha512-ljzQQst8m8xj8YKHpfyvfViFT9YHQrJCFBpz4mvxfQam9VDNR7IPT6nEsMpx9KQTU4YM6kxTatzRIUqgqGhyBw==",
      "dev": true,
      "license": "MIT",
      "bin": {
        "rumdl": "bin/rumdl"
      },
      "engines": {
        "node": ">=18.0.0"
      },
      "optionalDependencies": {
        "@rumdl/cli-darwin-arm64": "0.2.41",
        "@rumdl/cli-darwin-x64": "0.2.41",
        "@rumdl/cli-linux-arm64": "0.2.41",
        "@rumdl/cli-linux-arm64-musl": "0.2.41",
        "@rumdl/cli-linux-x64": "0.2.41",
        "@rumdl/cli-linux-x64-musl": "0.2.41",
        "@rumdl/cli-win32-x64": "0.2.41"
      }
    }
  }
}
